
Microsoft Visual Studio Solution File, Format Version 12.00
# Visual Studio Version 17
VisualStudioVersion = 17.5.002.0
MinimumVisualStudioVersion = 10.0.40219.1
Project("{9A19103F-16F7-4668-BE54-9A1E7A4F7556}") = "FormsApp", "FormsApp.csproj", "{7CC7DB70-E3A5-40A5-8A63-6F687E9CC907}"
EndProject
Global
	GlobalSection(SolutionConfigurationPlatforms) = preSolution
		Debug|Any CPU = Debug|Any CPU
		Release|Any CPU = Release|Any CPU
	EndGlobalSection
	GlobalSection(ProjectConfigurationPlatforms) = postSolution
		{7CC7DB70-E3A5-40A5-8A63-6F687E9CC907}.Debug|Any CPU.ActiveCfg = Debug|Any CPU
		{7CC7DB70-E3A5-40A5-8A63-6F687E9CC907}.Debug|Any CPU.Build.0 = Debug|Any CPU
		{7CC7DB70-E3A5-40A5-8A63-6F687E9CC907}.Release|Any CPU.ActiveCfg = Release|Any CPU
		{7CC7DB70-E3A5-40A5-8A63-6F687E9CC907}.Release|Any CPU.Build.0 = Release|Any CPU
	EndGlobalSection
	GlobalSection(SolutionProperties) = preSolution
		HideSolutionNode = FALSE
	EndGlobalSection
	GlobalSection(ExtensibilityGlobals) = postSolution
		SolutionGuid = {D6DFEB8E-6C8D-4DB4-9464-50273F62515B}
	EndGlobalSection
EndGlobal
